
Microsoft Visual Studio Solution File, Format Version 12.00
# Visual Studio Version 16
VisualStudioVersion = 16.0.30225.117
MinimumVisualStudioVersion = 10.0.40219.1
Project("{FAE04EC0-301F-11D3-BF4B-00C04F79EFBC}") = "Replace ammo", "Replace ammo.csproj", "{4C1106B6-B82B-452A-BE3C-846C4C05689C}"
EndProject
Global
	GlobalSection(SolutionConfigurationPlatforms) = preSolution
		Debug|Any CPU = Debug|Any CPU
		Release|Any CPU = Release|Any CPU
	EndGlobalSection
	GlobalSection(ProjectConfigurationPlatforms) = postSolution
		{4C1106B6-B82B-452A-BE3C-846C4C05689C}.Debug|Any CPU.ActiveCfg = Debug|Any CPU
		{4C1106B6-B82B-452A-BE3C-846C4C05689C}.Debug|Any CPU.Build.0 = Debug|Any CPU
		{4C1106B6-B82B-452A-BE3C-846C4C05689C}.Release|Any CPU.ActiveCfg = Release|Any CPU
		{4C1106B6-B82B-452A-BE3C-846C4C05689C}.Release|Any CPU.Build.0 = Release|Any CPU
	EndGlobalSection
	GlobalSection(SolutionProperties) = preSolution
		HideSolutionNode = FALSE
	EndGlobalSection
	GlobalSection(ExtensibilityGlobals) = postSolution
		SolutionGuid = {F0F7EF7E-D018-4FA9-9F81-69294E26E929}
	EndGlobalSection
EndGlobal
